
Microsoft Visual Studio Solution File, Format Version 12.00
# Visual Studio 2013
VisualStudioVersion = 12.0.30723.0
MinimumVisualStudioVersion = 10.0.40219.1
Project("{FAE04EC0-301F-11D3-BF4B-00C04F79EFBC}") = "MachineAccessControl", "MachineAccessControl\MachineAccessControl.csproj", "{1A271323-F791-4D2A-806C-419770B43B44}"
EndProject
Project("{FAE04EC0-301F-11D3-BF4B-00C04F79EFBC}") = "MachineAccessControl.Model", "MachineAccessControl.Model\MachineAccessControl.Model.csproj", "{0608F8EE-CB29-4DD7-B046-2BD3669AC3A5}"
EndProject
Project("{FAE04EC0-301F-11D3-BF4B-00C04F79EFBC}") = "MachineAccessControl.Service", "MachineAccessControl.Service\MachineAccessControl.Service.csproj", "{772F2AFA-7446-426B-B01E-6C75B8079483}"
EndProject
Project("{FAE04EC0-301F-11D3-BF4B-00C04F79EFBC}") = "Helper", "..\Helper\Helper.csproj", "{F6DC719C-B69A-4A06-983C-352A42ED5701}"
EndProject
Global
	GlobalSection(TeamFoundationVersionControl) = preSolution
		SccNumberOfProjects = 5
		SccEnterpriseProvider = {4CA58AB2-18FA-4F8D-95D4-32DDF27D184C}
		SccTeamFoundationServer = http://petuks4e22672sf:8080/tfs/trw_peterlee
		SccProjectUniqueName0 = ..\\Helper\\Helper.csproj
		SccProjectName0 = ../../Helper/Helper
		SccLocalPath0 = ..\\Helper
		SccLocalPath1 = .
		SccProjectUniqueName2 = MachineAccessControl.Model\\MachineAccessControl.Model.csproj
		SccProjectName2 = MachineAccessControl.Model
		SccLocalPath2 = MachineAccessControl.Model
		SccProjectUniqueName3 = MachineAccessControl.Service\\MachineAccessControl.Service.csproj
		SccProjectName3 = MachineAccessControl.Service
		SccLocalPath3 = MachineAccessControl.Service
		SccProjectUniqueName4 = MachineAccessControl\\MachineAccessControl.csproj
		SccProjectName4 = MachineAccessControl
		SccLocalPath4 = MachineAccessControl
	EndGlobalSection
	GlobalSection(SolutionConfigurationPlatforms) = preSolution
		Debug|Any CPU = Debug|Any CPU
		Release|Any CPU = Release|Any CPU
	EndGlobalSection
	GlobalSection(ProjectConfigurationPlatforms) = postSolution
		{1A271323-F791-4D2A-806C-419770B43B44}.Debug|Any CPU.ActiveCfg = Debug|Any CPU
		{1A271323-F791-4D2A-806C-419770B43B44}.Debug|Any CPU.Build.0 = Debug|Any CPU
		{1A271323-F791-4D2A-806C-419770B43B44}.Release|Any CPU.ActiveCfg = Release|Any CPU
		{1A271323-F791-4D2A-806C-419770B43B44}.Release|Any CPU.Build.0 = Release|Any CPU
		{0608F8EE-CB29-4DD7-B046-2BD3669AC3A5}.Debug|Any CPU.ActiveCfg = Debug|Any CPU
		{0608F8EE-CB29-4DD7-B046-2BD3669AC3A5}.Debug|Any CPU.Build.0 = Debug|Any CPU
		{0608F8EE-CB29-4DD7-B046-2BD3669AC3A5}.Release|Any CPU.ActiveCfg = Release|Any CPU
		{0608F8EE-CB29-4DD7-B046-2BD3669AC3A5}.Release|Any CPU.Build.0 = Release|Any CPU
		{772F2AFA-7446-426B-B01E-6C75B8079483}.Debug|Any CPU.ActiveCfg = Debug|Any CPU
		{772F2AFA-7446-426B-B01E-6C75B8079483}.Debug|Any CPU.Build.0 = Debug|Any CPU
		{772F2AFA-7446-426B-B01E-6C75B8079483}.Release|Any CPU.ActiveCfg = Release|Any CPU
		{772F2AFA-7446-426B-B01E-6C75B8079483}.Release|Any CPU.Build.0 = Release|Any CPU
		{F6DC719C-B69A-4A06-983C-352A42ED5701}.Debug|Any CPU.ActiveCfg = Debug|Any CPU
		{F6DC719C-B69A-4A06-983C-352A42ED5701}.Debug|Any CPU.Build.0 = Debug|Any CPU
		{F6DC719C-B69A-4A06-983C-352A42ED5701}.Release|Any CPU.ActiveCfg = Release|Any CPU
		{F6DC719C-B69A-4A06-983C-352A42ED5701}.Release|Any CPU.Build.0 = Release|Any CPU
	EndGlobalSection
	GlobalSection(SolutionProperties) = preSolution
		HideSolutionNode = FALSE
	EndGlobalSection
EndGlobal
